
Microsoft Visual Studio Solution File, Format Version 12.00
# Visual Studio 2012
Project("{FAE04EC0-301F-11D3-BF4B-00C04F79EFBC}") = "GreaterThanAttributeSample", "GreaterThanAttributeSample\GreaterThanAttributeSample.csproj", "{6C7E5892-B793-4483-AFCC-96E4384F864F}"
EndProject
Global
	GlobalSection(SolutionConfigurationPlatforms) = preSolution
		Debug|Any CPU = Debug|Any CPU
		Release|Any CPU = Release|Any CPU
	EndGlobalSection
	GlobalSection(ProjectConfigurationPlatforms) = postSolution
		{6C7E5892-B793-4483-AFCC-96E4384F864F}.Debug|Any CPU.ActiveCfg = Debug|Any CPU
		{6C7E5892-B793-4483-AFCC-96E4384F864F}.Debug|Any CPU.Build.0 = Debug|Any CPU
		{6C7E5892-B793-4483-AFCC-96E4384F864F}.Release|Any CPU.ActiveCfg = Release|Any CPU
		{6C7E5892-B793-4483-AFCC-96E4384F864F}.Release|Any CPU.Build.0 = Release|Any CPU
	EndGlobalSection
	GlobalSection(SolutionProperties) = preSolution
		HideSolutionNode = FALSE
	EndGlobalSection
EndGlobal
