
Microsoft Visual Studio Solution File, Format Version 12.00
# Visual Studio 11
Project("{FAE04EC0-301F-11D3-BF4B-00C04F79EFBC}") = "EAPSample", "EAPSample\EAPSample.csproj", "{D95354C7-810C-404D-B04F-EFFF1DC60694}"
EndProject
Global
	GlobalSection(SolutionConfigurationPlatforms) = preSolution
		Debug|Any CPU = Debug|Any CPU
		Release|Any CPU = Release|Any CPU
	EndGlobalSection
	GlobalSection(ProjectConfigurationPlatforms) = postSolution
		{D95354C7-810C-404D-B04F-EFFF1DC60694}.Debug|Any CPU.ActiveCfg = Debug|Any CPU
		{D95354C7-810C-404D-B04F-EFFF1DC60694}.Debug|Any CPU.Build.0 = Debug|Any CPU
		{D95354C7-810C-404D-B04F-EFFF1DC60694}.Release|Any CPU.ActiveCfg = Release|Any CPU
		{D95354C7-810C-404D-B04F-EFFF1DC60694}.Release|Any CPU.Build.0 = Release|Any CPU
	EndGlobalSection
	GlobalSection(SolutionProperties) = preSolution
		HideSolutionNode = FALSE
	EndGlobalSection
EndGlobal
