
Microsoft Visual Studio Solution File, Format Version 12.00
# Visual Studio 11
Project("{FAE04EC0-301F-11D3-BF4B-00C04F79EFBC}") = "FileUploadSample", "FileUploadSample\FileUploadSample.csproj", "{11E22AD3-8A67-4726-8941-09B1B2E421D7}"
EndProject
Project("{FAE04EC0-301F-11D3-BF4B-00C04F79EFBC}") = "FileUploadConsoleClient", "FileUploadConsoleClient\FileUploadConsoleClient.csproj", "{8DDEE2F6-1A31-4854-B7DE-20F90747CC73}"
EndProject
Global
	GlobalSection(SolutionConfigurationPlatforms) = preSolution
		Debug|Any CPU = Debug|Any CPU
		Release|Any CPU = Release|Any CPU
	EndGlobalSection
	GlobalSection(ProjectConfigurationPlatforms) = postSolution
		{11E22AD3-8A67-4726-8941-09B1B2E421D7}.Debug|Any CPU.ActiveCfg = Debug|Any CPU
		{11E22AD3-8A67-4726-8941-09B1B2E421D7}.Debug|Any CPU.Build.0 = Debug|Any CPU
		{11E22AD3-8A67-4726-8941-09B1B2E421D7}.Release|Any CPU.ActiveCfg = Release|Any CPU
		{11E22AD3-8A67-4726-8941-09B1B2E421D7}.Release|Any CPU.Build.0 = Release|Any CPU
		{8DDEE2F6-1A31-4854-B7DE-20F90747CC73}.Debug|Any CPU.ActiveCfg = Debug|Any CPU
		{8DDEE2F6-1A31-4854-B7DE-20F90747CC73}.Debug|Any CPU.Build.0 = Debug|Any CPU
		{8DDEE2F6-1A31-4854-B7DE-20F90747CC73}.Release|Any CPU.ActiveCfg = Release|Any CPU
		{8DDEE2F6-1A31-4854-B7DE-20F90747CC73}.Release|Any CPU.Build.0 = Release|Any CPU
	EndGlobalSection
	GlobalSection(SolutionProperties) = preSolution
		HideSolutionNode = FALSE
	EndGlobalSection
EndGlobal
