
Microsoft Visual Studio Solution File, Format Version 12.00
# Visual Studio 2012
Project("{FAE04EC0-301F-11D3-BF4B-00C04F79EFBC}") = "AspNetWebApi.DependencyResolution.NInject", "AspNetWebApi.DependencyResolution.NInject\AspNetWebApi.DependencyResolution.NInject.csproj", "{B0E7F68E-73C3-41BC-89E1-16ACF8EE1F7F}"
EndProject
Global
	GlobalSection(SolutionConfigurationPlatforms) = preSolution
		Debug|Any CPU = Debug|Any CPU
		Release|Any CPU = Release|Any CPU
	EndGlobalSection
	GlobalSection(ProjectConfigurationPlatforms) = postSolution
		{B0E7F68E-73C3-41BC-89E1-16ACF8EE1F7F}.Debug|Any CPU.ActiveCfg = Debug|Any CPU
		{B0E7F68E-73C3-41BC-89E1-16ACF8EE1F7F}.Debug|Any CPU.Build.0 = Debug|Any CPU
		{B0E7F68E-73C3-41BC-89E1-16ACF8EE1F7F}.Release|Any CPU.ActiveCfg = Release|Any CPU
		{B0E7F68E-73C3-41BC-89E1-16ACF8EE1F7F}.Release|Any CPU.Build.0 = Release|Any CPU
	EndGlobalSection
	GlobalSection(SolutionProperties) = preSolution
		HideSolutionNode = FALSE
	EndGlobalSection
EndGlobal
