
Microsoft Visual Studio Solution File, Format Version 12.00
# Visual Studio 2012
Project("{FAE04EC0-301F-11D3-BF4B-00C04F79EFBC}") = "AspNetWebApi.DependencyResolution.AutoFac", "AspNetWebApi.DependencyResolution.AutoFac\AspNetWebApi.DependencyResolution.AutoFac.csproj", "{D95D631E-4BA8-4916-9217-7B5678617D77}"
EndProject
Global
	GlobalSection(SolutionConfigurationPlatforms) = preSolution
		Debug|Any CPU = Debug|Any CPU
		Release|Any CPU = Release|Any CPU
	EndGlobalSection
	GlobalSection(ProjectConfigurationPlatforms) = postSolution
		{D95D631E-4BA8-4916-9217-7B5678617D77}.Debug|Any CPU.ActiveCfg = Debug|Any CPU
		{D95D631E-4BA8-4916-9217-7B5678617D77}.Debug|Any CPU.Build.0 = Debug|Any CPU
		{D95D631E-4BA8-4916-9217-7B5678617D77}.Release|Any CPU.ActiveCfg = Release|Any CPU
		{D95D631E-4BA8-4916-9217-7B5678617D77}.Release|Any CPU.Build.0 = Release|Any CPU
	EndGlobalSection
	GlobalSection(SolutionProperties) = preSolution
		HideSolutionNode = FALSE
	EndGlobalSection
EndGlobal
