
Microsoft Visual Studio Solution File, Format Version 12.00
# Visual Studio 2012
Project("{FAE04EC0-301F-11D3-BF4B-00C04F79EFBC}") = "Overview", "Overview\Overview.csproj", "{BEFD7EB1-8C21-437E-AA21-96A3C7E276D2}"
EndProject
Global
	GlobalSection(SolutionConfigurationPlatforms) = preSolution
		Debug|Any CPU = Debug|Any CPU
		Release|Any CPU = Release|Any CPU
	EndGlobalSection
	GlobalSection(ProjectConfigurationPlatforms) = postSolution
		{BEFD7EB1-8C21-437E-AA21-96A3C7E276D2}.Debug|Any CPU.ActiveCfg = Debug|Any CPU
		{BEFD7EB1-8C21-437E-AA21-96A3C7E276D2}.Debug|Any CPU.Build.0 = Debug|Any CPU
		{BEFD7EB1-8C21-437E-AA21-96A3C7E276D2}.Release|Any CPU.ActiveCfg = Release|Any CPU
		{BEFD7EB1-8C21-437E-AA21-96A3C7E276D2}.Release|Any CPU.Build.0 = Release|Any CPU
	EndGlobalSection
	GlobalSection(SolutionProperties) = preSolution
		HideSolutionNode = FALSE
	EndGlobalSection
EndGlobal
