
Microsoft Visual Studio Solution File, Format Version 12.00
# Visual Studio 2012
Project("{FAE04EC0-301F-11D3-BF4B-00C04F79EFBC}") = "LinkedCancellationTokenSample", "LinkedCancellationTokenSample\LinkedCancellationTokenSample.csproj", "{9CFD9823-519E-47D4-99FC-0A7D0BF81D95}"
EndProject
Global
	GlobalSection(SolutionConfigurationPlatforms) = preSolution
		Debug|Any CPU = Debug|Any CPU
		Release|Any CPU = Release|Any CPU
	EndGlobalSection
	GlobalSection(ProjectConfigurationPlatforms) = postSolution
		{9CFD9823-519E-47D4-99FC-0A7D0BF81D95}.Debug|Any CPU.ActiveCfg = Debug|Any CPU
		{9CFD9823-519E-47D4-99FC-0A7D0BF81D95}.Debug|Any CPU.Build.0 = Debug|Any CPU
		{9CFD9823-519E-47D4-99FC-0A7D0BF81D95}.Release|Any CPU.ActiveCfg = Release|Any CPU
		{9CFD9823-519E-47D4-99FC-0A7D0BF81D95}.Release|Any CPU.Build.0 = Release|Any CPU
	EndGlobalSection
	GlobalSection(SolutionProperties) = preSolution
		HideSolutionNode = FALSE
	EndGlobalSection
EndGlobal
