
Microsoft Visual Studio Solution File, Format Version 12.00
# Visual Studio 2012
Project("{FAE04EC0-301F-11D3-BF4B-00C04F79EFBC}") = "CreateErrorResponseSample", "CreateErrorResponseSample\CreateErrorResponseSample.csproj", "{11793F4E-0AD4-47F9-96F6-1091C739A26A}"
EndProject
Global
	GlobalSection(SolutionConfigurationPlatforms) = preSolution
		Debug|Any CPU = Debug|Any CPU
		Release|Any CPU = Release|Any CPU
	EndGlobalSection
	GlobalSection(ProjectConfigurationPlatforms) = postSolution
		{11793F4E-0AD4-47F9-96F6-1091C739A26A}.Debug|Any CPU.ActiveCfg = Debug|Any CPU
		{11793F4E-0AD4-47F9-96F6-1091C739A26A}.Debug|Any CPU.Build.0 = Debug|Any CPU
		{11793F4E-0AD4-47F9-96F6-1091C739A26A}.Release|Any CPU.ActiveCfg = Release|Any CPU
		{11793F4E-0AD4-47F9-96F6-1091C739A26A}.Release|Any CPU.Build.0 = Release|Any CPU
	EndGlobalSection
	GlobalSection(SolutionProperties) = preSolution
		HideSolutionNode = FALSE
	EndGlobalSection
EndGlobal
