
Microsoft Visual Studio Solution File, Format Version 12.00
# Visual Studio 11
Project("{FAE04EC0-301F-11D3-BF4B-00C04F79EFBC}") = "TAPSample1", "TAPSample1\TAPSample1.csproj", "{BFAF7EA4-07CB-4780-9561-55B8230D3798}"
EndProject
Global
	GlobalSection(SolutionConfigurationPlatforms) = preSolution
		Debug|Any CPU = Debug|Any CPU
		Release|Any CPU = Release|Any CPU
	EndGlobalSection
	GlobalSection(ProjectConfigurationPlatforms) = postSolution
		{BFAF7EA4-07CB-4780-9561-55B8230D3798}.Debug|Any CPU.ActiveCfg = Debug|Any CPU
		{BFAF7EA4-07CB-4780-9561-55B8230D3798}.Debug|Any CPU.Build.0 = Debug|Any CPU
		{BFAF7EA4-07CB-4780-9561-55B8230D3798}.Release|Any CPU.ActiveCfg = Release|Any CPU
		{BFAF7EA4-07CB-4780-9561-55B8230D3798}.Release|Any CPU.Build.0 = Release|Any CPU
	EndGlobalSection
	GlobalSection(SolutionProperties) = preSolution
		HideSolutionNode = FALSE
	EndGlobalSection
EndGlobal
